// !$*UTF8*$!
{
	archiveVersion = 1;
	classes = {
	};
	objectVersion = 51;
	objects = {

/* Begin PBXBuildFile section */
		42284174C033A8F2DA207B34 /* Pods_MiscellanyTests.framework in Frameworks */ = {isa = PBXBuildFile; fileRef = CA5F47C8AB72B422FB883183 /* Pods_MiscellanyTests.framework */; };
		80010F1523299BC10094ABDB /* StoryViewController.swift in Sources */ = {isa = PBXBuildFile; fileRef = 80010F1423299BC10094ABDB /* StoryViewController.swift */; };
		8009706F23733CE000DD99E3 /* LibraryViewController.swift in Sources */ = {isa = PBXBuildFile; fileRef = 8009706E23733CE000DD99E3 /* LibraryViewController.swift */; };
		8011446622BAF9C600489AF6 /* User.swift in Sources */ = {isa = PBXBuildFile; fileRef = 8011446522BAF9C600489AF6 /* User.swift */; };
		80140426235F5B2C0013C716 /* HomeDataProvider.swift in Sources */ = {isa = PBXBuildFile; fileRef = 80140425235F5B2C0013C716 /* HomeDataProvider.swift */; };
		8014042A235F992B0013C716 /* StoryCollectionViewCell.swift in Sources */ = {isa = PBXBuildFile; fileRef = 80140429235F992B0013C716 /* StoryCollectionViewCell.swift */; };
		8019422A23386CA4001F8032 /* Comment.swift in Sources */ = {isa = PBXBuildFile; fileRef = 8019422923386CA4001F8032 /* Comment.swift */; };
		801EEDC0235ED2EF00E8BD5E /* Display.swift in Sources */ = {isa = PBXBuildFile; fileRef = 801EEDBF235ED2EF00E8BD5E /* Display.swift */; };
		802C5A6E2361593C00786148 /* RankedStoryCollectionViewCell.swift in Sources */ = {isa = PBXBuildFile; fileRef = 802C5A6D2361593C00786148 /* RankedStoryCollectionViewCell.swift */; };
		802C5A702361624B00786148 /* HeadlineCollectionViewCell.swift in Sources */ = {isa = PBXBuildFile; fileRef = 802C5A6F2361624B00786148 /* HeadlineCollectionViewCell.swift */; };
		8037997D2337E64E00AFA380 /* StoryService.swift in Sources */ = {isa = PBXBuildFile; fileRef = 8037997C2337E64E00AFA380 /* StoryService.swift */; };
		8037997F2337E79100AFA380 /* SettingsManager.swift in Sources */ = {isa = PBXBuildFile; fileRef = 8037997E2337E79100AFA380 /* SettingsManager.swift */; };
		803799832337ED6C00AFA380 /* ImageService.swift in Sources */ = {isa = PBXBuildFile; fileRef = 803799822337ED6C00AFA380 /* ImageService.swift */; };
		803799872337F37D00AFA380 /* UserService.swift in Sources */ = {isa = PBXBuildFile; fileRef = 803799862337F37D00AFA380 /* UserService.swift */; };
		8037998923380B3D00AFA380 /* GoogleService-Info.plist in Resources */ = {isa = PBXBuildFile; fileRef = 8037998823380B3D00AFA380 /* GoogleService-Info.plist */; };
		8041AAC02346B43E00012764 /* FeatureInfoCollectionViewCell.swift in Sources */ = {isa = PBXBuildFile; fileRef = 8041AABF2346B43E00012764 /* FeatureInfoCollectionViewCell.swift */; };
		8044A42A234D692E00C0E157 /* BrowseViewController.swift in Sources */ = {isa = PBXBuildFile; fileRef = 8044A429234D692E00C0E157 /* BrowseViewController.swift */; };
		8044A42E234D6A2A00C0E157 /* ProfileViewController.swift in Sources */ = {isa = PBXBuildFile; fileRef = 8044A42D234D6A2A00C0E157 /* ProfileViewController.swift */; };
		804E651B2354D6AE006C047C /* Genre.swift in Sources */ = {isa = PBXBuildFile; fileRef = 804E651A2354D6AE006C047C /* Genre.swift */; };
		80590C9E2388568100623BA2 /* NotificationCollectionViewCell.swift in Sources */ = {isa = PBXBuildFile; fileRef = 80590C9D2388568100623BA2 /* NotificationCollectionViewCell.swift */; };
		80590CA0238858F500623BA2 /* Notification.swift in Sources */ = {isa = PBXBuildFile; fileRef = 80590C9F238858F500623BA2 /* Notification.swift */; };
		80590CA623886DBC00623BA2 /* NotificationDataProvider.swift in Sources */ = {isa = PBXBuildFile; fileRef = 80590CA523886DBC00623BA2 /* NotificationDataProvider.swift */; };
		80625DF2237F180F00200A72 /* SearchViewController.swift in Sources */ = {isa = PBXBuildFile; fileRef = 80625DF1237F180F00200A72 /* SearchViewController.swift */; };
		80625DF5237F34EE00200A72 /* BrowseDataProvider.swift in Sources */ = {isa = PBXBuildFile; fileRef = 80625DF4237F34EE00200A72 /* BrowseDataProvider.swift */; };
		80625DF9237F36CE00200A72 /* General.swift in Sources */ = {isa = PBXBuildFile; fileRef = 80625DF8237F36CE00200A72 /* General.swift */; };
		80625DFB237F41CA00200A72 /* GeneralCollectionViewCell.swift in Sources */ = {isa = PBXBuildFile; fileRef = 80625DFA237F41CA00200A72 /* GeneralCollectionViewCell.swift */; };
		806770CE22BAA63A00D0ADE1 /* Story.swift in Sources */ = {isa = PBXBuildFile; fileRef = 806770CD22BAA63A00D0ADE1 /* Story.swift */; };
		8068082A23579D4B00933BD1 /* GenreService.swift in Sources */ = {isa = PBXBuildFile; fileRef = 8068082923579D4B00933BD1 /* GenreService.swift */; };
		8068082E23579D7200933BD1 /* Itemable.swift in Sources */ = {isa = PBXBuildFile; fileRef = 8068082D23579D7200933BD1 /* Itemable.swift */; };
		806EB1FA235027250068625B /* NotificationViewController.swift in Sources */ = {isa = PBXBuildFile; fileRef = 806EB1F9235027250068625B /* NotificationViewController.swift */; };
		807266A42360170000BE7240 /* UserFormViewController.swift in Sources */ = {isa = PBXBuildFile; fileRef = 807266A32360170000BE7240 /* UserFormViewController.swift */; };
		80876C4E2332EA3F00F8C286 /* UIView+.swift in Sources */ = {isa = PBXBuildFile; fileRef = 80876C4D2332EA3F00F8C286 /* UIView+.swift */; };
		80876C5023333C2400F8C286 /* FractionalHeightPresentationController.swift in Sources */ = {isa = PBXBuildFile; fileRef = 80876C4F23333C2400F8C286 /* FractionalHeightPresentationController.swift */; };
		80876C5323335DEF00F8C286 /* UIFont+.swift in Sources */ = {isa = PBXBuildFile; fileRef = 80876C5223335DEF00F8C286 /* UIFont+.swift */; };
		808B4D03234412F100E9588C /* BaseView.swift in Sources */ = {isa = PBXBuildFile; fileRef = 808B4D02234412F100E9588C /* BaseView.swift */; };
		808B4D0C234414AD00E9588C /* Award.swift in Sources */ = {isa = PBXBuildFile; fileRef = 808B4D0B234414AD00E9588C /* Award.swift */; };
		808DAB3F2371D55A004CE135 /* ItemCollectionViewCell.swift in Sources */ = {isa = PBXBuildFile; fileRef = 808DAB3E2371D55A004CE135 /* ItemCollectionViewCell.swift */; };
		808E36F4230F3014005463E6 /* ComposeViewController.swift in Sources */ = {isa = PBXBuildFile; fileRef = 808E36F3230F3014005463E6 /* ComposeViewController.swift */; };
		8095F2B722B0362000D9BC50 /* AppDelegate.swift in Sources */ = {isa = PBXBuildFile; fileRef = 8095F2B622B0362000D9BC50 /* AppDelegate.swift */; };
		8095F2B922B0362000D9BC50 /* SceneDelegate.swift in Sources */ = {isa = PBXBuildFile; fileRef = 8095F2B822B0362000D9BC50 /* SceneDelegate.swift */; };
		8095F2BC22B0362000D9BC50 /* Miscellany.xcdatamodeld in Sources */ = {isa = PBXBuildFile; fileRef = 8095F2BA22B0362000D9BC50 /* Miscellany.xcdatamodeld */; };
		8095F2BE22B0362000D9BC50 /* MainTabBarController.swift in Sources */ = {isa = PBXBuildFile; fileRef = 8095F2BD22B0362000D9BC50 /* MainTabBarController.swift */; };
		8095F2C022B0362100D9BC50 /* Assets.xcassets in Resources */ = {isa = PBXBuildFile; fileRef = 8095F2BF22B0362100D9BC50 /* Assets.xcassets */; };
		8095F2C322B0362100D9BC50 /* Preview Assets.xcassets in Resources */ = {isa = PBXBuildFile; fileRef = 8095F2C222B0362100D9BC50 /* Preview Assets.xcassets */; };
		8095F2C622B0362100D9BC50 /* LaunchScreen.storyboard in Resources */ = {isa = PBXBuildFile; fileRef = 8095F2C422B0362100D9BC50 /* LaunchScreen.storyboard */; };
		8095F2D122B0362100D9BC50 /* MiscellanyTests.swift in Sources */ = {isa = PBXBuildFile; fileRef = 8095F2D022B0362100D9BC50 /* MiscellanyTests.swift */; };
		8095F2DC22B0362100D9BC50 /* MiscellanyUITests.swift in Sources */ = {isa = PBXBuildFile; fileRef = 8095F2DB22B0362100D9BC50 /* MiscellanyUITests.swift */; };
		8095F2EA22B0371900D9BC50 /* HomeViewController.swift in Sources */ = {isa = PBXBuildFile; fileRef = 8095F2E922B0371900D9BC50 /* HomeViewController.swift */; };
		8095F2EC22B0373B00D9BC50 /* Identifiable.swift in Sources */ = {isa = PBXBuildFile; fileRef = 8095F2EB22B0373B00D9BC50 /* Identifiable.swift */; };
		8095F2EE22B0374100D9BC50 /* Datable.swift in Sources */ = {isa = PBXBuildFile; fileRef = 8095F2ED22B0374100D9BC50 /* Datable.swift */; };
		8095F2F022B0374A00D9BC50 /* Databasable.swift in Sources */ = {isa = PBXBuildFile; fileRef = 8095F2EF22B0374A00D9BC50 /* Databasable.swift */; };
		8095F2FF22B05EB300D9BC50 /* BaseCollectionViewCell.swift in Sources */ = {isa = PBXBuildFile; fileRef = 8095F2FE22B05EB300D9BC50 /* BaseCollectionViewCell.swift */; };
		80977CE42332BB84007EBCF9 /* TextSettingsViewController.swift in Sources */ = {isa = PBXBuildFile; fileRef = 80977CE32332BB84007EBCF9 /* TextSettingsViewController.swift */; };
		80977CE62332BBB4007EBCF9 /* TextSettings.swift in Sources */ = {isa = PBXBuildFile; fileRef = 80977CE52332BBB4007EBCF9 /* TextSettings.swift */; };
		809BAC5E2373966100ADC52B /* Contest.swift in Sources */ = {isa = PBXBuildFile; fileRef = 809BAC5D2373966100ADC52B /* Contest.swift */; };
		80A1A3D92333F22900E012AD /* Collection+.swift in Sources */ = {isa = PBXBuildFile; fileRef = 80A1A3D82333F22900E012AD /* Collection+.swift */; };
		80A1A3DB2333F80000E012AD /* UIImage+.swift in Sources */ = {isa = PBXBuildFile; fileRef = 80A1A3DA2333F80000E012AD /* UIImage+.swift */; };
		80A1A3DD2334051A00E012AD /* UIStackView+.swift in Sources */ = {isa = PBXBuildFile; fileRef = 80A1A3DC2334051A00E012AD /* UIStackView+.swift */; };
		80A72CF0234F01FE004D61E1 /* Tag.swift in Sources */ = {isa = PBXBuildFile; fileRef = 80A72CEF234F01FE004D61E1 /* Tag.swift */; };
		80AF35072345646700388880 /* Headline.swift in Sources */ = {isa = PBXBuildFile; fileRef = 80AF35062345646700388880 /* Headline.swift */; };
		80B18A67233E7235004BCFAD /* BaseViewController.swift in Sources */ = {isa = PBXBuildFile; fileRef = 80B18A66233E7235004BCFAD /* BaseViewController.swift */; };
		80B18A6B233E73FA004BCFAD /* BaseTabBarController.swift in Sources */ = {isa = PBXBuildFile; fileRef = 80B18A6A233E73FA004BCFAD /* BaseTabBarController.swift */; };
		80B18A6F233E74EA004BCFAD /* SectionHeaderCollectionReusableView.swift in Sources */ = {isa = PBXBuildFile; fileRef = 80B18A6E233E74EA004BCFAD /* SectionHeaderCollectionReusableView.swift */; };
		80B40E9C22B2ECCF003F620A /* BaseCollectionReusableView.swift in Sources */ = {isa = PBXBuildFile; fileRef = 80B40E9B22B2ECCF003F620A /* BaseCollectionReusableView.swift */; };
		80B8856D2371D5D000FC68EC /* UserCollectionViewCell.swift in Sources */ = {isa = PBXBuildFile; fileRef = 80B8856C2371D5D000FC68EC /* UserCollectionViewCell.swift */; };
		80B8856F2371D74D00FC68EC /* TagCollectionViewCell.swift in Sources */ = {isa = PBXBuildFile; fileRef = 80B8856E2371D74D00FC68EC /* TagCollectionViewCell.swift */; };
		80C47F182331486A0000F9A5 /* Int+.swift in Sources */ = {isa = PBXBuildFile; fileRef = 80C47F172331486A0000F9A5 /* Int+.swift */; };
		80C47F1A233148710000F9A5 /* Double+.swift in Sources */ = {isa = PBXBuildFile; fileRef = 80C47F19233148710000F9A5 /* Double+.swift */; };
		80CC6DA32379005900D13C86 /* UIViewControllerPreview.swift in Sources */ = {isa = PBXBuildFile; fileRef = 80CC6DA22379005900D13C86 /* UIViewControllerPreview.swift */; };
		80CC6DA52379006A00D13C86 /* UIViewPreview.swift in Sources */ = {isa = PBXBuildFile; fileRef = 80CC6DA42379006A00D13C86 /* UIViewPreview.swift */; };
		80D03BEA236CDBCB00722721 /* UIViewController+.swift in Sources */ = {isa = PBXBuildFile; fileRef = 80D03BE9236CDBCB00722721 /* UIViewController+.swift */; };
		80DBED6D23720E3900F5BC8D /* GenreCollectionViewCell.swift in Sources */ = {isa = PBXBuildFile; fileRef = 80DBED6C23720E3900F5BC8D /* GenreCollectionViewCell.swift */; };
		80DD56BA233D606F0044D47E /* UICollectionReusableView+.swift in Sources */ = {isa = PBXBuildFile; fileRef = 80DD56B9233D606F0044D47E /* UICollectionReusableView+.swift */; };
		80DD56BC233D60820044D47E /* UICollectionViewCell+.swift in Sources */ = {isa = PBXBuildFile; fileRef = 80DD56BB233D60820044D47E /* UICollectionViewCell+.swift */; };
		80E45AC9232D8543001BDF2D /* InfoPanelView.swift in Sources */ = {isa = PBXBuildFile; fileRef = 80E45AC8232D8543001BDF2D /* InfoPanelView.swift */; };
		80E55DF82357C21800AA012F /* AwardsView.swift in Sources */ = {isa = PBXBuildFile; fileRef = 80E55DF72357C21800AA012F /* AwardsView.swift */; };
		80E55DFA2357C22C00AA012F /* AwardCollectionViewCell.swift in Sources */ = {isa = PBXBuildFile; fileRef = 80E55DF92357C22C00AA012F /* AwardCollectionViewCell.swift */; };
		80E6BB9523467FA80053DEA9 /* SignInViewController.swift in Sources */ = {isa = PBXBuildFile; fileRef = 80E6BB9423467FA80053DEA9 /* SignInViewController.swift */; };
		80F092D222BC2BE70013A6CF /* GroupHeaderCollectionReusableView.swift in Sources */ = {isa = PBXBuildFile; fileRef = 80F092D122BC2BE70013A6CF /* GroupHeaderCollectionReusableView.swift */; };
		80F51395237260C400941D37 /* StoryPreviewViewController.swift in Sources */ = {isa = PBXBuildFile; fileRef = 80F51394237260C400941D37 /* StoryPreviewViewController.swift */; };
		80F51397237260CE00941D37 /* StoryPreviewPageViewController.swift in Sources */ = {isa = PBXBuildFile; fileRef = 80F51396237260CE00941D37 /* StoryPreviewPageViewController.swift */; };
		819A67881D06AD42BC7D9F60 /* Pods_Miscellany.framework in Frameworks */ = {isa = PBXBuildFile; fileRef = 8C8AE89942E32AC731D77C2E /* Pods_Miscellany.framework */; };
		F8F103E2B3ABFECAF549835A /* Pods_MiscellanyUITests.framework in Frameworks */ = {isa = PBXBuildFile; fileRef = 0CED28779B31B0F350EB0035 /* Pods_MiscellanyUITests.framework */; };
/* End PBXBuildFile section */

/* Begin PBXContainerItemProxy section */
		8095F2CD22B0362100D9BC50 /* PBXContainerItemProxy */ = {
			isa = PBXContainerItemProxy;
			containerPortal = 8095F2AB22B0362000D9BC50 /* Project object */;
			proxyType = 1;
			remoteGlobalIDString = 8095F2B222B0362000D9BC50;
			remoteInfo = Miscellany;
		};
		8095F2D822B0362100D9BC50 /* PBXContainerItemProxy */ = {
			isa = PBXContainerItemProxy;
			containerPortal = 8095F2AB22B0362000D9BC50 /* Project object */;
			proxyType = 1;
			remoteGlobalIDString = 8095F2B222B0362000D9BC50;
			remoteInfo = Miscellany;
		};
/* End PBXContainerItemProxy section */

/* Begin PBXFileReference section */
		0CED28779B31B0F350EB0035 /* Pods_MiscellanyUITests.framework */ = {isa = PBXFileReference; explicitFileType = wrapper.framework; includeInIndex = 0; path = Pods_MiscellanyUITests.framework; sourceTree = BUILT_PRODUCTS_DIR; };
		100BFFDC9224CCDD7AE775CE /* Pods-Miscellany.debug.xcconfig */ = {isa = PBXFileReference; includeInIndex = 1; lastKnownFileType = text.xcconfig; name = "Pods-Miscellany.debug.xcconfig"; path = "Target Support Files/Pods-Miscellany/Pods-Miscellany.debug.xcconfig"; sourceTree = "<group>"; };
		2C9BD5A0565AF5E31B63FAFF /* Pods-MiscellanyTests.release.xcconfig */ = {isa = PBXFileReference; includeInIndex = 1; lastKnownFileType = text.xcconfig; name = "Pods-MiscellanyTests.release.xcconfig"; path = "Target Support Files/Pods-MiscellanyTests/Pods-MiscellanyTests.release.xcconfig"; sourceTree = "<group>"; };
		80010F1423299BC10094ABDB /* StoryViewController.swift */ = {isa = PBXFileReference; lastKnownFileType = sourcecode.swift; path = StoryViewController.swift; sourceTree = "<group>"; };
		8009706E23733CE000DD99E3 /* LibraryViewController.swift */ = {isa = PBXFileReference; lastKnownFileType = sourcecode.swift; path = LibraryViewController.swift; sourceTree = "<group>"; };
		8011446522BAF9C600489AF6 /* User.swift */ = {isa = PBXFileReference; lastKnownFileType = sourcecode.swift; path = User.swift; sourceTree = "<group>"; };
		80140425235F5B2C0013C716 /* HomeDataProvider.swift */ = {isa = PBXFileReference; lastKnownFileType = sourcecode.swift; path = HomeDataProvider.swift; sourceTree = "<group>"; };
		80140429235F992B0013C716 /* StoryCollectionViewCell.swift */ = {isa = PBXFileReference; lastKnownFileType = sourcecode.swift; path = StoryCollectionViewCell.swift; sourceTree = "<group>"; };
		8019422923386CA4001F8032 /* Comment.swift */ = {isa = PBXFileReference; lastKnownFileType = sourcecode.swift; path = Comment.swift; sourceTree = "<group>"; };
		801EEDBF235ED2EF00E8BD5E /* Display.swift */ = {isa = PBXFileReference; lastKnownFileType = sourcecode.swift; path = Display.swift; sourceTree = "<group>"; };
		802C5A6D2361593C00786148 /* RankedStoryCollectionViewCell.swift */ = {isa = PBXFileReference; lastKnownFileType = sourcecode.swift; path = RankedStoryCollectionViewCell.swift; sourceTree = "<group>"; };
		802C5A6F2361624B00786148 /* HeadlineCollectionViewCell.swift */ = {isa = PBXFileReference; lastKnownFileType = sourcecode.swift; path = HeadlineCollectionViewCell.swift; sourceTree = "<group>"; };
		8037997C2337E64E00AFA380 /* StoryService.swift */ = {isa = PBXFileReference; lastKnownFileType = sourcecode.swift; path = StoryService.swift; sourceTree = "<group>"; };
		8037997E2337E79100AFA380 /* SettingsManager.swift */ = {isa = PBXFileReference; lastKnownFileType = sourcecode.swift; path = SettingsManager.swift; sourceTree = "<group>"; };
		803799822337ED6C00AFA380 /* ImageService.swift */ = {isa = PBXFileReference; lastKnownFileType = sourcecode.swift; path = ImageService.swift; sourceTree = "<group>"; };
		803799862337F37D00AFA380 /* UserService.swift */ = {isa = PBXFileReference; lastKnownFileType = sourcecode.swift; path = UserService.swift; sourceTree = "<group>"; };
		8037998823380B3D00AFA380 /* GoogleService-Info.plist */ = {isa = PBXFileReference; fileEncoding = 4; lastKnownFileType = text.plist.xml; path = "GoogleService-Info.plist"; sourceTree = "<group>"; };
		8041AABF2346B43E00012764 /* FeatureInfoCollectionViewCell.swift */ = {isa = PBXFileReference; lastKnownFileType = sourcecode.swift; path = FeatureInfoCollectionViewCell.swift; sourceTree = "<group>"; };
		8044A429234D692E00C0E157 /* BrowseViewController.swift */ = {isa = PBXFileReference; lastKnownFileType = sourcecode.swift; path = BrowseViewController.swift; sourceTree = "<group>"; };
		8044A42D234D6A2A00C0E157 /* ProfileViewController.swift */ = {isa = PBXFileReference; lastKnownFileType = sourcecode.swift; path = ProfileViewController.swift; sourceTree = "<group>"; };
		804E651A2354D6AE006C047C /* Genre.swift */ = {isa = PBXFileReference; lastKnownFileType = sourcecode.swift; path = Genre.swift; sourceTree = "<group>"; };
		80590C9D2388568100623BA2 /* NotificationCollectionViewCell.swift */ = {isa = PBXFileReference; lastKnownFileType = sourcecode.swift; path = NotificationCollectionViewCell.swift; sourceTree = "<group>"; };
		80590C9F238858F500623BA2 /* Notification.swift */ = {isa = PBXFileReference; lastKnownFileType = sourcecode.swift; path = Notification.swift; sourceTree = "<group>"; };
		80590CA523886DBC00623BA2 /* NotificationDataProvider.swift */ = {isa = PBXFileReference; lastKnownFileType = sourcecode.swift; path = NotificationDataProvider.swift; sourceTree = "<group>"; };
		80625DF1237F180F00200A72 /* SearchViewController.swift */ = {isa = PBXFileReference; lastKnownFileType = sourcecode.swift; path = SearchViewController.swift; sourceTree = "<group>"; };
		80625DF4237F34EE00200A72 /* BrowseDataProvider.swift */ = {isa = PBXFileReference; lastKnownFileType = sourcecode.swift; path = BrowseDataProvider.swift; sourceTree = "<group>"; };
		80625DF8237F36CE00200A72 /* General.swift */ = {isa = PBXFileReference; lastKnownFileType = sourcecode.swift; path = General.swift; sourceTree = "<group>"; };
		80625DFA237F41CA00200A72 /* GeneralCollectionViewCell.swift */ = {isa = PBXFileReference; lastKnownFileType = sourcecode.swift; path = GeneralCollectionViewCell.swift; sourceTree = "<group>"; };
		806770CD22BAA63A00D0ADE1 /* Story.swift */ = {isa = PBXFileReference; lastKnownFileType = sourcecode.swift; path = Story.swift; sourceTree = "<group>"; };
		8068082923579D4B00933BD1 /* GenreService.swift */ = {isa = PBXFileReference; lastKnownFileType = sourcecode.swift; path = GenreService.swift; sourceTree = "<group>"; };
		8068082D23579D7200933BD1 /* Itemable.swift */ = {isa = PBXFileReference; lastKnownFileType = sourcecode.swift; path = Itemable.swift; sourceTree = "<group>"; };
		806EB1F9235027250068625B /* NotificationViewController.swift */ = {isa = PBXFileReference; lastKnownFileType = sourcecode.swift; path = NotificationViewController.swift; sourceTree = "<group>"; };
		807266A32360170000BE7240 /* UserFormViewController.swift */ = {isa = PBXFileReference; lastKnownFileType = sourcecode.swift; path = UserFormViewController.swift; sourceTree = "<group>"; };
		80876C4D2332EA3F00F8C286 /* UIView+.swift */ = {isa = PBXFileReference; lastKnownFileType = sourcecode.swift; path = "UIView+.swift"; sourceTree = "<group>"; };
		80876C4F23333C2400F8C286 /* FractionalHeightPresentationController.swift */ = {isa = PBXFileReference; lastKnownFileType = sourcecode.swift; path = FractionalHeightPresentationController.swift; sourceTree = "<group>"; };
		80876C5223335DEF00F8C286 /* UIFont+.swift */ = {isa = PBXFileReference; lastKnownFileType = sourcecode.swift; path = "UIFont+.swift"; sourceTree = "<group>"; };
		808B4D02234412F100E9588C /* BaseView.swift */ = {isa = PBXFileReference; lastKnownFileType = sourcecode.swift; path = BaseView.swift; sourceTree = "<group>"; };
		808B4D0B234414AD00E9588C /* Award.swift */ = {isa = PBXFileReference; lastKnownFileType = sourcecode.swift; path = Award.swift; sourceTree = "<group>"; };
		808DAB3E2371D55A004CE135 /* ItemCollectionViewCell.swift */ = {isa = PBXFileReference; lastKnownFileType = sourcecode.swift; path = ItemCollectionViewCell.swift; sourceTree = "<group>"; };
		808E36F3230F3014005463E6 /* ComposeViewController.swift */ = {isa = PBXFileReference; lastKnownFileType = sourcecode.swift; path = ComposeViewController.swift; sourceTree = "<group>"; };
		8095F2B322B0362000D9BC50 /* Miscellany.app */ = {isa = PBXFileReference; explicitFileType = wrapper.application; includeInIndex = 0; path = Miscellany.app; sourceTree = BUILT_PRODUCTS_DIR; };
		8095F2B622B0362000D9BC50 /* AppDelegate.swift */ = {isa = PBXFileReference; lastKnownFileType = sourcecode.swift; path = AppDelegate.swift; sourceTree = "<group>"; };
		8095F2B822B0362000D9BC50 /* SceneDelegate.swift */ = {isa = PBXFileReference; lastKnownFileType = sourcecode.swift; path = SceneDelegate.swift; sourceTree = "<group>"; };
		8095F2BB22B0362000D9BC50 /* Miscellany.xcdatamodel */ = {isa = PBXFileReference; lastKnownFileType = wrapper.xcdatamodel; path = Miscellany.xcdatamodel; sourceTree = "<group>"; };
		8095F2BD22B0362000D9BC50 /* MainTabBarController.swift */ = {isa = PBXFileReference; lastKnownFileType = sourcecode.swift; path = MainTabBarController.swift; sourceTree = "<group>"; };
		8095F2BF22B0362100D9BC50 /* Assets.xcassets */ = {isa = PBXFileReference; lastKnownFileType = folder.assetcatalog; path = Assets.xcassets; sourceTree = "<group>"; };
		8095F2C222B0362100D9BC50 /* Preview Assets.xcassets */ = {isa = PBXFileReference; lastKnownFileType = folder.assetcatalog; path = "Preview Assets.xcassets"; sourceTree = "<group>"; };
		8095F2C522B0362100D9BC50 /* Base */ = {isa = PBXFileReference; lastKnownFileType = file.storyboard; name = Base; path = Base.lproj/LaunchScreen.storyboard; sourceTree = "<group>"; };
		8095F2C722B0362100D9BC50 /* Info.plist */ = {isa = PBXFileReference; lastKnownFileType = text.plist.xml; path = Info.plist; sourceTree = "<group>"; };
		8095F2CC22B0362100D9BC50 /* MiscellanyTests.xctest */ = {isa = PBXFileReference; explicitFileType = wrapper.cfbundle; includeInIndex = 0; path = MiscellanyTests.xctest; sourceTree = BUILT_PRODUCTS_DIR; };
		8095F2D022B0362100D9BC50 /* MiscellanyTests.swift */ = {isa = PBXFileReference; lastKnownFileType = sourcecode.swift; path = MiscellanyTests.swift; sourceTree = "<group>"; };
		8095F2D222B0362100D9BC50 /* Info.plist */ = {isa = PBXFileReference; lastKnownFileType = text.plist.xml; path = Info.plist; sourceTree = "<group>"; };
		8095F2D722B0362100D9BC50 /* MiscellanyUITests.xctest */ = {isa = PBXFileReference; explicitFileType = wrapper.cfbundle; includeInIndex = 0; path = MiscellanyUITests.xctest; sourceTree = BUILT_PRODUCTS_DIR; };
		8095F2DB22B0362100D9BC50 /* MiscellanyUITests.swift */ = {isa = PBXFileReference; lastKnownFileType = sourcecode.swift; path = MiscellanyUITests.swift; sourceTree = "<group>"; };
		8095F2DD22B0362100D9BC50 /* Info.plist */ = {isa = PBXFileReference; lastKnownFileType = text.plist.xml; path = Info.plist; sourceTree = "<group>"; };
		8095F2E922B0371900D9BC50 /* HomeViewController.swift */ = {isa = PBXFileReference; lastKnownFileType = sourcecode.swift; path = HomeViewController.swift; sourceTree = "<group>"; };
		8095F2EB22B0373B00D9BC50 /* Identifiable.swift */ = {isa = PBXFileReference; lastKnownFileType = sourcecode.swift; path = Identifiable.swift; sourceTree = "<group>"; };
		8095F2ED22B0374100D9BC50 /* Datable.swift */ = {isa = PBXFileReference; lastKnownFileType = sourcecode.swift; path = Datable.swift; sourceTree = "<group>"; };
		8095F2EF22B0374A00D9BC50 /* Databasable.swift */ = {isa = PBXFileReference; lastKnownFileType = sourcecode.swift; path = Databasable.swift; sourceTree = "<group>"; };
		8095F2FE22B05EB300D9BC50 /* BaseCollectionViewCell.swift */ = {isa = PBXFileReference; lastKnownFileType = sourcecode.swift; path = BaseCollectionViewCell.swift; sourceTree = "<group>"; };
		80977CE32332BB84007EBCF9 /* TextSettingsViewController.swift */ = {isa = PBXFileReference; lastKnownFileType = sourcecode.swift; path = TextSettingsViewController.swift; sourceTree = "<group>"; };
		80977CE52332BBB4007EBCF9 /* TextSettings.swift */ = {isa = PBXFileReference; lastKnownFileType = sourcecode.swift; path = TextSettings.swift; sourceTree = "<group>"; };
		809BAC5D2373966100ADC52B /* Contest.swift */ = {isa = PBXFileReference; lastKnownFileType = sourcecode.swift; path = Contest.swift; sourceTree = "<group>"; };
		80A1A3D82333F22900E012AD /* Collection+.swift */ = {isa = PBXFileReference; lastKnownFileType = sourcecode.swift; path = "Collection+.swift"; sourceTree = "<group>"; };
		80A1A3DA2333F80000E012AD /* UIImage+.swift */ = {isa = PBXFileReference; lastKnownFileType = sourcecode.swift; path = "UIImage+.swift"; sourceTree = "<group>"; };
		80A1A3DC2334051A00E012AD /* UIStackView+.swift */ = {isa = PBXFileReference; lastKnownFileType = sourcecode.swift; path = "UIStackView+.swift"; sourceTree = "<group>"; };
		80A72CEF234F01FE004D61E1 /* Tag.swift */ = {isa = PBXFileReference; lastKnownFileType = sourcecode.swift; path = Tag.swift; sourceTree = "<group>"; };
		80AF35062345646700388880 /* Headline.swift */ = {isa = PBXFileReference; lastKnownFileType = sourcecode.swift; path = Headline.swift; sourceTree = "<group>"; };
		80B18A66233E7235004BCFAD /* BaseViewController.swift */ = {isa = PBXFileReference; lastKnownFileType = sourcecode.swift; path = BaseViewController.swift; sourceTree = "<group>"; };
		80B18A6A233E73FA004BCFAD /* BaseTabBarController.swift */ = {isa = PBXFileReference; lastKnownFileType = sourcecode.swift; path = BaseTabBarController.swift; sourceTree = "<group>"; };
		80B18A6E233E74EA004BCFAD /* SectionHeaderCollectionReusableView.swift */ = {isa = PBXFileReference; fileEncoding = 4; lastKnownFileType = sourcecode.swift; path = SectionHeaderCollectionReusableView.swift; sourceTree = "<group>"; };
		80B40E9B22B2ECCF003F620A /* BaseCollectionReusableView.swift */ = {isa = PBXFileReference; lastKnownFileType = sourcecode.swift; path = BaseCollectionReusableView.swift; sourceTree = "<group>"; };
		80B8856C2371D5D000FC68EC /* UserCollectionViewCell.swift */ = {isa = PBXFileReference; lastKnownFileType = sourcecode.swift; path = UserCollectionViewCell.swift; sourceTree = "<group>"; };
		80B8856E2371D74D00FC68EC /* TagCollectionViewCell.swift */ = {isa = PBXFileReference; lastKnownFileType = sourcecode.swift; path = TagCollectionViewCell.swift; sourceTree = "<group>"; };
		80C47F172331486A0000F9A5 /* Int+.swift */ = {isa = PBXFileReference; lastKnownFileType = sourcecode.swift; path = "Int+.swift"; sourceTree = "<group>"; };
		80C47F19233148710000F9A5 /* Double+.swift */ = {isa = PBXFileReference; lastKnownFileType = sourcecode.swift; path = "Double+.swift"; sourceTree = "<group>"; };
		80CC6DA22379005900D13C86 /* UIViewControllerPreview.swift */ = {isa = PBXFileReference; lastKnownFileType = sourcecode.swift; path = UIViewControllerPreview.swift; sourceTree = "<group>"; };
		80CC6DA42379006A00D13C86 /* UIViewPreview.swift */ = {isa = PBXFileReference; lastKnownFileType = sourcecode.swift; path = UIViewPreview.swift; sourceTree = "<group>"; };
		80D03BE9236CDBCB00722721 /* UIViewController+.swift */ = {isa = PBXFileReference; lastKnownFileType = sourcecode.swift; path = "UIViewController+.swift"; sourceTree = "<group>"; };
		80DBED6C23720E3900F5BC8D /* GenreCollectionViewCell.swift */ = {isa = PBXFileReference; lastKnownFileType = sourcecode.swift; path = GenreCollectionViewCell.swift; sourceTree = "<group>"; };
		80DD56B9233D606F0044D47E /* UICollectionReusableView+.swift */ = {isa = PBXFileReference; lastKnownFileType = sourcecode.swift; path = "UICollectionReusableView+.swift"; sourceTree = "<group>"; };
		80DD56BB233D60820044D47E /* UICollectionViewCell+.swift */ = {isa = PBXFileReference; lastKnownFileType = sourcecode.swift; path = "UICollectionViewCell+.swift"; sourceTree = "<group>"; };
		80E45AC8232D8543001BDF2D /* InfoPanelView.swift */ = {isa = PBXFileReference; lastKnownFileType = sourcecode.swift; path = InfoPanelView.swift; sourceTree = "<group>"; };
		80E55DF72357C21800AA012F /* AwardsView.swift */ = {isa = PBXFileReference; fileEncoding = 4; lastKnownFileType = sourcecode.swift; path = AwardsView.swift; sourceTree = "<group>"; };
		80E55DF92357C22C00AA012F /* AwardCollectionViewCell.swift */ = {isa = PBXFileReference; fileEncoding = 4; lastKnownFileType = sourcecode.swift; path = AwardCollectionViewCell.swift; sourceTree = "<group>"; };
		80E6BB8C23467ED70053DEA9 /* Miscellany.entitlements */ = {isa = PBXFileReference; lastKnownFileType = text.plist.entitlements; path = Miscellany.entitlements; sourceTree = "<group>"; };
		80E6BB9423467FA80053DEA9 /* SignInViewController.swift */ = {isa = PBXFileReference; lastKnownFileType = sourcecode.swift; path = SignInViewController.swift; sourceTree = "<group>"; };
		80F092D122BC2BE70013A6CF /* GroupHeaderCollectionReusableView.swift */ = {isa = PBXFileReference; lastKnownFileType = sourcecode.swift; path = GroupHeaderCollectionReusableView.swift; sourceTree = "<group>"; };
		80F51394237260C400941D37 /* StoryPreviewViewController.swift */ = {isa = PBXFileReference; lastKnownFileType = sourcecode.swift; path = StoryPreviewViewController.swift; sourceTree = "<group>"; };
		80F51396237260CE00941D37 /* StoryPreviewPageViewController.swift */ = {isa = PBXFileReference; lastKnownFileType = sourcecode.swift; path = StoryPreviewPageViewController.swift; sourceTree = "<group>"; };
		83F86A9B1535C6280C2F02EB /* Pods-MiscellanyUITests.debug.xcconfig */ = {isa = PBXFileReference; includeInIndex = 1; lastKnownFileType = text.xcconfig; name = "Pods-MiscellanyUITests.debug.xcconfig"; path = "Target Support Files/Pods-MiscellanyUITests/Pods-MiscellanyUITests.debug.xcconfig"; sourceTree = "<group>"; };
		8C8AE89942E32AC731D77C2E /* Pods_Miscellany.framework */ = {isa = PBXFileReference; explicitFileType = wrapper.framework; includeInIndex = 0; path = Pods_Miscellany.framework; sourceTree = BUILT_PRODUCTS_DIR; };
		ADACE0A83BBB794DEE2C0CB7 /* Pods-Miscellany.release.xcconfig */ = {isa = PBXFileReference; includeInIndex = 1; lastKnownFileType = text.xcconfig; name = "Pods-Miscellany.release.xcconfig"; path = "Target Support Files/Pods-Miscellany/Pods-Miscellany.release.xcconfig"; sourceTree = "<group>"; };
		AEC929923ABE12CA12B8F198 /* Pods-MiscellanyUITests.release.xcconfig */ = {isa = PBXFileReference; includeInIndex = 1; lastKnownFileType = text.xcconfig; name = "Pods-MiscellanyUITests.release.xcconfig"; path = "Target Support Files/Pods-MiscellanyUITests/Pods-MiscellanyUITests.release.xcconfig"; sourceTree = "<group>"; };
		CA5F47C8AB72B422FB883183 /* Pods_MiscellanyTests.framework */ = {isa = PBXFileReference; explicitFileType = wrapper.framework; includeInIndex = 0; path = Pods_MiscellanyTests.framework; sourceTree = BUILT_PRODUCTS_DIR; };
		DA1A3924B3E29D17EF5C0D57 /* Pods-MiscellanyTests.debug.xcconfig */ = {isa = PBXFileReference; includeInIndex = 1; lastKnownFileType = text.xcconfig; name = "Pods-MiscellanyTests.debug.xcconfig"; path = "Target Support Files/Pods-MiscellanyTests/Pods-MiscellanyTests.debug.xcconfig"; sourceTree = "<group>"; };
/* End PBXFileReference section */

/* Begin PBXFrameworksBuildPhase section */
		8095F2B022B0362000D9BC50 /* Frameworks */ = {
			isa = PBXFrameworksBuildPhase;
			buildActionMask = 2147483647;
			files = (
				819A67881D06AD42BC7D9F60 /* Pods_Miscellany.framework in Frameworks */,
			);
			runOnlyForDeploymentPostprocessing = 0;
		};
		8095F2C922B0362100D9BC50 /* Frameworks */ = {
			isa = PBXFrameworksBuildPhase;
			buildActionMask = 2147483647;
			files = (
				42284174C033A8F2DA207B34 /* Pods_MiscellanyTests.framework in Frameworks */,
			);
			runOnlyForDeploymentPostprocessing = 0;
		};
		8095F2D422B0362100D9BC50 /* Frameworks */ = {
			isa = PBXFrameworksBuildPhase;
			buildActionMask = 2147483647;
			files = (
				F8F103E2B3ABFECAF549835A /* Pods_MiscellanyUITests.framework in Frameworks */,
			);
			runOnlyForDeploymentPostprocessing = 0;
		};
/* End PBXFrameworksBuildPhase section */

/* Begin PBXGroup section */
		3814E21358753DB22DB01101 /* Frameworks */ = {
			isa = PBXGroup;
			children = (
				8C8AE89942E32AC731D77C2E /* Pods_Miscellany.framework */,
				CA5F47C8AB72B422FB883183 /* Pods_MiscellanyTests.framework */,
				0CED28779B31B0F350EB0035 /* Pods_MiscellanyUITests.framework */,
			);
			name = Frameworks;
			sourceTree = "<group>";
		};
		8009707023733E3F00DD99E3 /* Library */ = {
			isa = PBXGroup;
			children = (
				8009706E23733CE000DD99E3 /* LibraryViewController.swift */,
			);
			path = Library;
			sourceTree = "<group>";
		};
		800970712373936200DD99E3 /* Item */ = {
			isa = PBXGroup;
			children = (
				808DAB3E2371D55A004CE135 /* ItemCollectionViewCell.swift */,
				808DAB3D2371D535004CE135 /* Headline */,
				808DAB3C2371D530004CE135 /* Story */,
				80625DFC237F432900200A72 /* General */,
				800970742373937100DD99E3 /* Genre */,
				80FEA4E9238C72FF00D929FC /* Notification */,
				800970732373936C00DD99E3 /* Tag */,
				800970722373936700DD99E3 /* User */,
				80E55DFB2357C23100AA012F /* Award */,
				8041AAC12346B4E900012764 /* Feature Info */,
			);
			path = Item;
			sourceTree = "<group>";
		};
		800970722373936700DD99E3 /* User */ = {
			isa = PBXGroup;
			children = (
				80B8856C2371D5D000FC68EC /* UserCollectionViewCell.swift */,
			);
			path = User;
			sourceTree = "<group>";
		};
		800970732373936C00DD99E3 /* Tag */ = {
			isa = PBXGroup;
			children = (
				80B8856E2371D74D00FC68EC /* TagCollectionViewCell.swift */,
			);
			path = Tag;
			sourceTree = "<group>";
		};
		800970742373937100DD99E3 /* Genre */ = {
			isa = PBXGroup;
			children = (
				80DBED6C23720E3900F5BC8D /* GenreCollectionViewCell.swift */,
			);
			path = Genre;
			sourceTree = "<group>";
		};
		803799842337ED7100AFA380 /* Services */ = {
			isa = PBXGroup;
			children = (
				8068082923579D4B00933BD1 /* GenreService.swift */,
				8037997C2337E64E00AFA380 /* StoryService.swift */,
				803799862337F37D00AFA380 /* UserService.swift */,
				803799822337ED6C00AFA380 /* ImageService.swift */,
			);
			path = Services;
			sourceTree = "<group>";
		};
		803799852337F23A00AFA380 /* Managers */ = {
			isa = PBXGroup;
			children = (
				80977CE72332BD9F007EBCF9 /* Settings */,
			);
			path = Managers;
			sourceTree = "<group>";
		};
		8041AAC12346B4E900012764 /* Feature Info */ = {
			isa = PBXGroup;
			children = (
				8041AABF2346B43E00012764 /* FeatureInfoCollectionViewCell.swift */,
			);
			path = "Feature Info";
			sourceTree = "<group>";
		};
		804E65082354C9C6006C047C /* Components */ = {
			isa = PBXGroup;
			children = (
				8095F2EF22B0374A00D9BC50 /* Databasable.swift */,
				8095F2ED22B0374100D9BC50 /* Datable.swift */,
				8095F2EB22B0373B00D9BC50 /* Identifiable.swift */,
				8068082D23579D7200933BD1 /* Itemable.swift */,
			);
			path = Components;
			sourceTree = "<group>";
		};
		80625DF3237F30DC00200A72 /* Search */ = {
			isa = PBXGroup;
			children = (
				80625DF1237F180F00200A72 /* SearchViewController.swift */,
			);
			path = Search;
			sourceTree = "<group>";
		};
		80625DFC237F432900200A72 /* General */ = {
			isa = PBXGroup;
			children = (
				80625DFA237F41CA00200A72 /* GeneralCollectionViewCell.swift */,
			);
			path = General;
			sourceTree = "<group>";
		};
		80876C512333410300F8C286 /* Presentation Controllers */ = {
			isa = PBXGroup;
			children = (
				80876C4F23333C2400F8C286 /* FractionalHeightPresentationController.swift */,
			);
			path = "Presentation Controllers";
			sourceTree = "<group>";
		};
		808B4D04234412F500E9588C /* Base */ = {
			isa = PBXGroup;
			children = (
				808B4D02234412F100E9588C /* BaseView.swift */,
			);
			path = Base;
			sourceTree = "<group>";
		};
		808B4D052344133700E9588C /* Info Panel */ = {
			isa = PBXGroup;
			children = (
				80E45AC8232D8543001BDF2D /* InfoPanelView.swift */,
			);
			path = "Info Panel";
			sourceTree = "<group>";
		};
		808DAB3C2371D530004CE135 /* Story */ = {
			isa = PBXGroup;
			children = (
				80140429235F992B0013C716 /* StoryCollectionViewCell.swift */,
				802C5A6D2361593C00786148 /* RankedStoryCollectionViewCell.swift */,
			);
			path = Story;
			sourceTree = "<group>";
		};
		808DAB3D2371D535004CE135 /* Headline */ = {
			isa = PBXGroup;
			children = (
				802C5A6F2361624B00786148 /* HeadlineCollectionViewCell.swift */,
			);
			path = Headline;
			sourceTree = "<group>";
		};
		8095F2AA22B0362000D9BC50 = {
			isa = PBXGroup;
			children = (
				8095F2B522B0362000D9BC50 /* Miscellany */,
				8095F2CF22B0362100D9BC50 /* MiscellanyTests */,
				8095F2DA22B0362100D9BC50 /* MiscellanyUITests */,
				8095F2B422B0362000D9BC50 /* Products */,
				BAD8BE9A20AEEF7CF059611C /* Pods */,
				3814E21358753DB22DB01101 /* Frameworks */,
			);
			sourceTree = "<group>";
		};
		8095F2B422B0362000D9BC50 /* Products */ = {
			isa = PBXGroup;
			children = (
				8095F2B322B0362000D9BC50 /* Miscellany.app */,
				8095F2CC22B0362100D9BC50 /* MiscellanyTests.xctest */,
				8095F2D722B0362100D9BC50 /* MiscellanyUITests.xctest */,
			);
			name = Products;
			sourceTree = "<group>";
		};
		8095F2B522B0362000D9BC50 /* Miscellany */ = {
			isa = PBXGroup;
			children = (
				80E6BB8C23467ED70053DEA9 /* Miscellany.entitlements */,
				803799842337ED7100AFA380 /* Services */,
				803799852337F23A00AFA380 /* Managers */,
				80C47F1B233148950000F9A5 /* Extensions */,
				804E65082354C9C6006C047C /* Components */,
				8095F2F622B0376400D9BC50 /* Models */,
				8095F2FA22B03D6E00D9BC50 /* Views */,
				8095F2F722B0376A00D9BC50 /* View Controllers */,
				80876C512333410300F8C286 /* Presentation Controllers */,
				8095F2B622B0362000D9BC50 /* AppDelegate.swift */,
				8095F2B822B0362000D9BC50 /* SceneDelegate.swift */,
				8095F2BF22B0362100D9BC50 /* Assets.xcassets */,
				8095F2C422B0362100D9BC50 /* LaunchScreen.storyboard */,
				8095F2C722B0362100D9BC50 /* Info.plist */,
				8037998823380B3D00AFA380 /* GoogleService-Info.plist */,
				8095F2BA22B0362000D9BC50 /* Miscellany.xcdatamodeld */,
				8095F2C122B0362100D9BC50 /* Preview Content */,
			);
			path = Miscellany;
			sourceTree = "<group>";
		};
		8095F2C122B0362100D9BC50 /* Preview Content */ = {
			isa = PBXGroup;
			children = (
				8095F2C222B0362100D9BC50 /* Preview Assets.xcassets */,
			);
			path = "Preview Content";
			sourceTree = "<group>";
		};
		8095F2CF22B0362100D9BC50 /* MiscellanyTests */ = {
			isa = PBXGroup;
			children = (
				8095F2D022B0362100D9BC50 /* MiscellanyTests.swift */,
				8095F2D222B0362100D9BC50 /* Info.plist */,
			);
			path = MiscellanyTests;
			sourceTree = "<group>";
		};
		8095F2DA22B0362100D9BC50 /* MiscellanyUITests */ = {
			isa = PBXGroup;
			children = (
				8095F2DB22B0362100D9BC50 /* MiscellanyUITests.swift */,
				8095F2DD22B0362100D9BC50 /* Info.plist */,
			);
			path = MiscellanyUITests;
			sourceTree = "<group>";
		};
		8095F2F622B0376400D9BC50 /* Models */ = {
			isa = PBXGroup;
			children = (
				808B4D0B234414AD00E9588C /* Award.swift */,
				8019422923386CA4001F8032 /* Comment.swift */,
				809BAC5D2373966100ADC52B /* Contest.swift */,
				801EEDBF235ED2EF00E8BD5E /* Display.swift */,
				804E651A2354D6AE006C047C /* Genre.swift */,
				80625DF8237F36CE00200A72 /* General.swift */,
				80AF35062345646700388880 /* Headline.swift */,
				80590C9F238858F500623BA2 /* Notification.swift */,
				806770CD22BAA63A00D0ADE1 /* Story.swift */,
				80A72CEF234F01FE004D61E1 /* Tag.swift */,
				8011446522BAF9C600489AF6 /* User.swift */,
			);
			path = Models;
			sourceTree = "<group>";
		};
		8095F2F722B0376A00D9BC50 /* View Controllers */ = {
			isa = PBXGroup;
			children = (
				80B18A69233E73EA004BCFAD /* Base */,
				80E6BB8D23467EFD0053DEA9 /* Main Tab */,
				80E6BB9623467FB60053DEA9 /* Sign In */,
				8009707023733E3F00DD99E3 /* Library */,
				80E6BB9123467F2A0053DEA9 /* Story */,
			);
			path = "View Controllers";
			sourceTree = "<group>";
		};
		8095F2FA22B03D6E00D9BC50 /* Views */ = {
			isa = PBXGroup;
			children = (
				808B4D04234412F500E9588C /* Base */,
				80E55DF62357C20000AA012F /* Awards */,
				808B4D052344133700E9588C /* Info Panel */,
				8095F30022B05EB700D9BC50 /* Collection View Cells */,
				80B40E9A22B2EBEB003F620A /* Reusable Views */,
			);
			path = Views;
			sourceTree = "<group>";
		};
		8095F30022B05EB700D9BC50 /* Collection View Cells */ = {
			isa = PBXGroup;
			children = (
				80B18A6C233E7426004BCFAD /* Base */,
				800970712373936200DD99E3 /* Item */,
			);
			path = "Collection View Cells";
			sourceTree = "<group>";
		};
		80977CE72332BD9F007EBCF9 /* Settings */ = {
			isa = PBXGroup;
			children = (
				80977CE52332BBB4007EBCF9 /* TextSettings.swift */,
				8037997E2337E79100AFA380 /* SettingsManager.swift */,
			);
			path = Settings;
			sourceTree = "<group>";
		};
		80A72CE1234EFCDD004D61E1 /* Browse */ = {
			isa = PBXGroup;
			children = (
				8044A429234D692E00C0E157 /* BrowseViewController.swift */,
				80625DF4237F34EE00200A72 /* BrowseDataProvider.swift */,
				80625DF3237F30DC00200A72 /* Search */,
			);
			path = Browse;
			sourceTree = "<group>";
		};
		80A72CE2234EFCE7004D61E1 /* Notification */ = {
			isa = PBXGroup;
			children = (
				806EB1F9235027250068625B /* NotificationViewController.swift */,
				80590CA523886DBC00623BA2 /* NotificationDataProvider.swift */,
			);
			path = Notification;
			sourceTree = "<group>";
		};
		80A72CE3234EFCED004D61E1 /* Menu */ = {
			isa = PBXGroup;
			children = (
				8044A42D234D6A2A00C0E157 /* ProfileViewController.swift */,
			);
			path = Menu;
			sourceTree = "<group>";
		};
		80B18A69233E73EA004BCFAD /* Base */ = {
			isa = PBXGroup;
			children = (
				80B18A66233E7235004BCFAD /* BaseViewController.swift */,
				80B18A6A233E73FA004BCFAD /* BaseTabBarController.swift */,
			);
			path = Base;
			sourceTree = "<group>";
		};
		80B18A6C233E7426004BCFAD /* Base */ = {
			isa = PBXGroup;
			children = (
				8095F2FE22B05EB300D9BC50 /* BaseCollectionViewCell.swift */,
			);
			path = Base;
			sourceTree = "<group>";
		};
		80B18A6D233E743B004BCFAD /* Base */ = {
			isa = PBXGroup;
			children = (
				80B40E9B22B2ECCF003F620A /* BaseCollectionReusableView.swift */,
			);
			path = Base;
			sourceTree = "<group>";
		};
		80B18A70233E7523004BCFAD /* Headers */ = {
			isa = PBXGroup;
			children = (
				80B18A6E233E74EA004BCFAD /* SectionHeaderCollectionReusableView.swift */,
				80F092D122BC2BE70013A6CF /* GroupHeaderCollectionReusableView.swift */,
			);
			path = Headers;
			sourceTree = "<group>";
		};
		80B40E9A22B2EBEB003F620A /* Reusable Views */ = {
			isa = PBXGroup;
			children = (
				80B18A6D233E743B004BCFAD /* Base */,
				80B18A70233E7523004BCFAD /* Headers */,
			);
			path = "Reusable Views";
			sourceTree = "<group>";
		};
		80C47F1B233148950000F9A5 /* Extensions */ = {
			isa = PBXGroup;
			children = (
				80CC6DA22379005900D13C86 /* UIViewControllerPreview.swift */,
				80CC6DA42379006A00D13C86 /* UIViewPreview.swift */,
				80C47F172331486A0000F9A5 /* Int+.swift */,
				80C47F19233148710000F9A5 /* Double+.swift */,
				80876C4D2332EA3F00F8C286 /* UIView+.swift */,
				80876C5223335DEF00F8C286 /* UIFont+.swift */,
				80A1A3D82333F22900E012AD /* Collection+.swift */,
				80DD56B9233D606F0044D47E /* UICollectionReusableView+.swift */,
				80D03BE9236CDBCB00722721 /* UIViewController+.swift */,
				80DD56BB233D60820044D47E /* UICollectionViewCell+.swift */,
				80A1A3DA2333F80000E012AD /* UIImage+.swift */,
				80A1A3DC2334051A00E012AD /* UIStackView+.swift */,
			);
			path = Extensions;
			sourceTree = "<group>";
		};
		80E55DF62357C20000AA012F /* Awards */ = {
			isa = PBXGroup;
			children = (
				80E55DF72357C21800AA012F /* AwardsView.swift */,
			);
			path = Awards;
			sourceTree = "<group>";
		};
		80E55DFB2357C23100AA012F /* Award */ = {
			isa = PBXGroup;
			children = (
				80E55DF92357C22C00AA012F /* AwardCollectionViewCell.swift */,
			);
			path = Award;
			sourceTree = "<group>";
		};
		80E6BB8D23467EFD0053DEA9 /* Main Tab */ = {
			isa = PBXGroup;
			children = (
				8095F2BD22B0362000D9BC50 /* MainTabBarController.swift */,
				80E6BB8E23467F0C0053DEA9 /* Tabs */,
			);
			path = "Main Tab";
			sourceTree = "<group>";
		};
		80E6BB8E23467F0C0053DEA9 /* Tabs */ = {
			isa = PBXGroup;
			children = (
				80E6BB8F23467F120053DEA9 /* Home */,
				80A72CE1234EFCDD004D61E1 /* Browse */,
				80E6BB9023467F1E0053DEA9 /* Compose */,
				80A72CE2234EFCE7004D61E1 /* Notification */,
				80A72CE3234EFCED004D61E1 /* Menu */,
			);
			path = Tabs;
			sourceTree = "<group>";
		};
		80E6BB8F23467F120053DEA9 /* Home */ = {
			isa = PBXGroup;
			children = (
				8095F2E922B0371900D9BC50 /* HomeViewController.swift */,
				80140425235F5B2C0013C716 /* HomeDataProvider.swift */,
			);
			path = Home;
			sourceTree = "<group>";
		};
		80E6BB9023467F1E0053DEA9 /* Compose */ = {
			isa = PBXGroup;
			children = (
				808E36F3230F3014005463E6 /* ComposeViewController.swift */,
			);
			path = Compose;
			sourceTree = "<group>";
		};
		80E6BB9123467F2A0053DEA9 /* Story */ = {
			isa = PBXGroup;
			children = (
				80010F1423299BC10094ABDB /* StoryViewController.swift */,
				80F513982372610800941D37 /* Preview */,
				80E6BB9223467F5E0053DEA9 /* Text Settings */,
			);
			path = Story;
			sourceTree = "<group>";
		};
		80E6BB9223467F5E0053DEA9 /* Text Settings */ = {
			isa = PBXGroup;
			children = (
				80977CE32332BB84007EBCF9 /* TextSettingsViewController.swift */,
			);
			path = "Text Settings";
			sourceTree = "<group>";
		};
		80E6BB9623467FB60053DEA9 /* Sign In */ = {
			isa = PBXGroup;
			children = (
				80E6BB9423467FA80053DEA9 /* SignInViewController.swift */,
				807266A32360170000BE7240 /* UserFormViewController.swift */,
			);
			path = "Sign In";
			sourceTree = "<group>";
		};
		80F513982372610800941D37 /* Preview */ = {
			isa = PBXGroup;
			children = (
				80F51396237260CE00941D37 /* StoryPreviewPageViewController.swift */,
				80F51394237260C400941D37 /* StoryPreviewViewController.swift */,
			);
			path = Preview;
			sourceTree = "<group>";
		};
		80FEA4E9238C72FF00D929FC /* Notification */ = {
			isa = PBXGroup;
			children = (
				80590C9D2388568100623BA2 /* NotificationCollectionViewCell.swift */,
			);
			path = Notification;
			sourceTree = "<group>";
		};
		BAD8BE9A20AEEF7CF059611C /* Pods */ = {
			isa = PBXGroup;
			children = (
				100BFFDC9224CCDD7AE775CE /* Pods-Miscellany.debug.xcconfig */,
				ADACE0A83BBB794DEE2C0CB7 /* Pods-Miscellany.release.xcconfig */,
				DA1A3924B3E29D17EF5C0D57 /* Pods-MiscellanyTests.debug.xcconfig */,
				2C9BD5A0565AF5E31B63FAFF /* Pods-MiscellanyTests.release.xcconfig */,
				83F86A9B1535C6280C2F02EB /* Pods-MiscellanyUITests.debug.xcconfig */,
				AEC929923ABE12CA12B8F198 /* Pods-MiscellanyUITests.release.xcconfig */,
			);
			path = Pods;
			sourceTree = "<group>";
		};
/* End PBXGroup section */

/* Begin PBXNativeTarget section */
		8095F2B222B0362000D9BC50 /* Miscellany */ = {
			isa = PBXNativeTarget;
			buildConfigurationList = 8095F2E022B0362100D9BC50 /* Build configuration list for PBXNativeTarget "Miscellany" */;
			buildPhases = (
				9B3F7D91C42F28CE6D6011CF /* [CP] Check Pods Manifest.lock */,
				8095F2AF22B0362000D9BC50 /* Sources */,
				8095F2B022B0362000D9BC50 /* Frameworks */,
				8095F2B122B0362000D9BC50 /* Resources */,
				277347BBF25ADCDB4AFB4C90 /* [CP] Embed Pods Frameworks */,
			);
			buildRules = (
			);
			dependencies = (
			);
			name = Miscellany;
			productName = Miscellany;
			productReference = 8095F2B322B0362000D9BC50 /* Miscellany.app */;
			productType = "com.apple.product-type.application";
		};
		8095F2CB22B0362100D9BC50 /* MiscellanyTests */ = {
			isa = PBXNativeTarget;
			buildConfigurationList = 8095F2E322B0362100D9BC50 /* Build configuration list for PBXNativeTarget "MiscellanyTests" */;
			buildPhases = (
				78CD5A9B543C4B9A951DB56E /* [CP] Check Pods Manifest.lock */,
				8095F2C822B0362100D9BC50 /* Sources */,
				8095F2C922B0362100D9BC50 /* Frameworks */,
				8095F2CA22B0362100D9BC50 /* Resources */,
			);
			buildRules = (
			);
			dependencies = (
				8095F2CE22B0362100D9BC50 /* PBXTargetDependency */,
			);
			name = MiscellanyTests;
			productName = MiscellanyTests;
			productReference = 8095F2CC22B0362100D9BC50 /* MiscellanyTests.xctest */;
			productType = "com.apple.product-type.bundle.unit-test";
		};
		8095F2D622B0362100D9BC50 /* MiscellanyUITests */ = {
			isa = PBXNativeTarget;
			buildConfigurationList = 8095F2E622B0362100D9BC50 /* Build configuration list for PBXNativeTarget "MiscellanyUITests" */;
			buildPhases = (
				CD5DD2E763DAF7D883B9987E /* [CP] Check Pods Manifest.lock */,
				8095F2D322B0362100D9BC50 /* Sources */,
				8095F2D422B0362100D9BC50 /* Frameworks */,
				8095F2D522B0362100D9BC50 /* Resources */,
			);
			buildRules = (
			);
			dependencies = (
				8095F2D922B0362100D9BC50 /* PBXTargetDependency */,
			);
			name = MiscellanyUITests;
			productName = MiscellanyUITests;
			productReference = 8095F2D722B0362100D9BC50 /* MiscellanyUITests.xctest */;
			productType = "com.apple.product-type.bundle.ui-testing";
		};
/* End PBXNativeTarget section */

/* Begin PBXProject section */
		8095F2AB22B0362000D9BC50 /* Project object */ = {
			isa = PBXProject;
			attributes = {
				LastSwiftUpdateCheck = 1100;
				LastUpgradeCheck = 1100;
				ORGANIZATIONNAME = "Theodore Gallao";
				TargetAttributes = {
					8095F2B222B0362000D9BC50 = {
						CreatedOnToolsVersion = 11.0;
					};
					8095F2CB22B0362100D9BC50 = {
						CreatedOnToolsVersion = 11.0;
						TestTargetID = 8095F2B222B0362000D9BC50;
					};
					8095F2D622B0362100D9BC50 = {
						CreatedOnToolsVersion = 11.0;
						TestTargetID = 8095F2B222B0362000D9BC50;
					};
				};
			};
			buildConfigurationList = 8095F2AE22B0362000D9BC50 /* Build configuration list for PBXProject "Miscellany" */;
			compatibilityVersion = "Xcode 9.3";
			developmentRegion = en;
			hasScannedForEncodings = 0;
			knownRegions = (
				en,
				Base,
			);
			mainGroup = 8095F2AA22B0362000D9BC50;
			productRefGroup = 8095F2B422B0362000D9BC50 /* Products */;
			projectDirPath = "";
			projectRoot = "";
			targets = (
				8095F2B222B0362000D9BC50 /* Miscellany */,
				8095F2CB22B0362100D9BC50 /* MiscellanyTests */,
				8095F2D622B0362100D9BC50 /* MiscellanyUITests */,
			);
		};
/* End PBXProject section */

/* Begin PBXResourcesBuildPhase section */
		8095F2B122B0362000D9BC50 /* Resources */ = {
			isa = PBXResourcesBuildPhase;
			buildActionMask = 2147483647;
			files = (
				8095F2C622B0362100D9BC50 /* LaunchScreen.storyboard in Resources */,
				8037998923380B3D00AFA380 /* GoogleService-Info.plist in Resources */,
				8095F2C322B0362100D9BC50 /* Preview Assets.xcassets in Resources */,
				8095F2C022B0362100D9BC50 /* Assets.xcassets in Resources */,
			);
			runOnlyForDeploymentPostprocessing = 0;
		};
		8095F2CA22B0362100D9BC50 /* Resources */ = {
			isa = PBXResourcesBuildPhase;
			buildActionMask = 2147483647;
			files = (
			);
			runOnlyForDeploymentPostprocessing = 0;
		};
		8095F2D522B0362100D9BC50 /* Resources */ = {
			isa = PBXResourcesBuildPhase;
			buildActionMask = 2147483647;
			files = (
			);
			runOnlyForDeploymentPostprocessing = 0;
		};
/* End PBXResourcesBuildPhase section */

/* Begin PBXShellScriptBuildPhase section */
		277347BBF25ADCDB4AFB4C90 /* [CP] Embed Pods Frameworks */ = {
			isa = PBXShellScriptBuildPhase;
			buildActionMask = 2147483647;
			files = (
			);
			inputFileListPaths = (
				"${PODS_ROOT}/Target Support Files/Pods-Miscellany/Pods-Miscellany-frameworks-${CONFIGURATION}-input-files.xcfilelist",
			);
			name = "[CP] Embed Pods Frameworks";
			outputFileListPaths = (
				"${PODS_ROOT}/Target Support Files/Pods-Miscellany/Pods-Miscellany-frameworks-${CONFIGURATION}-output-files.xcfilelist",
			);
			runOnlyForDeploymentPostprocessing = 0;
			shellPath = /bin/sh;
			shellScript = "\"${PODS_ROOT}/Target Support Files/Pods-Miscellany/Pods-Miscellany-frameworks.sh\"\n";
			showEnvVarsInLog = 0;
		};
		78CD5A9B543C4B9A951DB56E /* [CP] Check Pods Manifest.lock */ = {
			isa = PBXShellScriptBuildPhase;
			buildActionMask = 2147483647;
			files = (
			);
			inputFileListPaths = (
			);
			inputPaths = (
				"${PODS_PODFILE_DIR_PATH}/Podfile.lock",
				"${PODS_ROOT}/Manifest.lock",
			);
			name = "[CP] Check Pods Manifest.lock";
			outputFileListPaths = (
			);
			outputPaths = (
				"$(DERIVED_FILE_DIR)/Pods-MiscellanyTests-checkManifestLockResult.txt",
			);
			runOnlyForDeploymentPostprocessing = 0;
			shellPath = /bin/sh;
			shellScript = "diff \"${PODS_PODFILE_DIR_PATH}/Podfile.lock\" \"${PODS_ROOT}/Manifest.lock\" > /dev/null\nif [ $? != 0 ] ; then\n    # print error to STDERR\n    echo \"error: The sandbox is not in sync with the Podfile.lock. Run 'pod install' or update your CocoaPods installation.\" >&2\n    exit 1\nfi\n# This output is used by Xcode 'outputs' to avoid re-running this script phase.\necho \"SUCCESS\" > \"${SCRIPT_OUTPUT_FILE_0}\"\n";
			showEnvVarsInLog = 0;
		};
		9B3F7D91C42F28CE6D6011CF /* [CP] Check Pods Manifest.lock */ = {
			isa = PBXShellScriptBuildPhase;
			buildActionMask = 2147483647;
			files = (
			);
			inputFileListPaths = (
			);
			inputPaths = (
				"${PODS_PODFILE_DIR_PATH}/Podfile.lock",
				"${PODS_ROOT}/Manifest.lock",
			);
			name = "[CP] Check Pods Manifest.lock";
			outputFileListPaths = (
			);
			outputPaths = (
				"$(DERIVED_FILE_DIR)/Pods-Miscellany-checkManifestLockResult.txt",
			);
			runOnlyForDeploymentPostprocessing = 0;
			shellPath = /bin/sh;
			shellScript = "diff \"${PODS_PODFILE_DIR_PATH}/Podfile.lock\" \"${PODS_ROOT}/Manifest.lock\" > /dev/null\nif [ $? != 0 ] ; then\n    # print error to STDERR\n    echo \"error: The sandbox is not in sync with the Podfile.lock. Run 'pod install' or update your CocoaPods installation.\" >&2\n    exit 1\nfi\n# This output is used by Xcode 'outputs' to avoid re-running this script phase.\necho \"SUCCESS\" > \"${SCRIPT_OUTPUT_FILE_0}\"\n";
			showEnvVarsInLog = 0;
		};
		CD5DD2E763DAF7D883B9987E /* [CP] Check Pods Manifest.lock */ = {
			isa = PBXShellScriptBuildPhase;
			buildActionMask = 2147483647;
			files = (
			);
			inputFileListPaths = (
			);
			inputPaths = (
				"${PODS_PODFILE_DIR_PATH}/Podfile.lock",
				"${PODS_ROOT}/Manifest.lock",
			);
			name = "[CP] Check Pods Manifest.lock";
			outputFileListPaths = (
			);
			outputPaths = (
				"$(DERIVED_FILE_DIR)/Pods-MiscellanyUITests-checkManifestLockResult.txt",
			);
			runOnlyForDeploymentPostprocessing = 0;
			shellPath = /bin/sh;
			shellScript = "diff \"${PODS_PODFILE_DIR_PATH}/Podfile.lock\" \"${PODS_ROOT}/Manifest.lock\" > /dev/null\nif [ $? != 0 ] ; then\n    # print error to STDERR\n    echo \"error: The sandbox is not in sync with the Podfile.lock. Run 'pod install' or update your CocoaPods installation.\" >&2\n    exit 1\nfi\n# This output is used by Xcode 'outputs' to avoid re-running this script phase.\necho \"SUCCESS\" > \"${SCRIPT_OUTPUT_FILE_0}\"\n";
			showEnvVarsInLog = 0;
		};
/* End PBXShellScriptBuildPhase section */

/* Begin PBXSourcesBuildPhase section */
		8095F2AF22B0362000D9BC50 /* Sources */ = {
			isa = PBXSourcesBuildPhase;
			buildActionMask = 2147483647;
			files = (
				80E6BB9523467FA80053DEA9 /* SignInViewController.swift in Sources */,
				80590C9E2388568100623BA2 /* NotificationCollectionViewCell.swift in Sources */,
				80B18A6B233E73FA004BCFAD /* BaseTabBarController.swift in Sources */,
				8068082E23579D7200933BD1 /* Itemable.swift in Sources */,
				80DD56BA233D606F0044D47E /* UICollectionReusableView+.swift in Sources */,
				8014042A235F992B0013C716 /* StoryCollectionViewCell.swift in Sources */,
				80DD56BC233D60820044D47E /* UICollectionViewCell+.swift in Sources */,
				80B18A6F233E74EA004BCFAD /* SectionHeaderCollectionReusableView.swift in Sources */,
				8011446622BAF9C600489AF6 /* User.swift in Sources */,
				80977CE62332BBB4007EBCF9 /* TextSettings.swift in Sources */,
				80E45AC9232D8543001BDF2D /* InfoPanelView.swift in Sources */,
				80876C4E2332EA3F00F8C286 /* UIView+.swift in Sources */,
				803799832337ED6C00AFA380 /* ImageService.swift in Sources */,
				80625DFB237F41CA00200A72 /* GeneralCollectionViewCell.swift in Sources */,
				8037997D2337E64E00AFA380 /* StoryService.swift in Sources */,
				80977CE42332BB84007EBCF9 /* TextSettingsViewController.swift in Sources */,
				80AF35072345646700388880 /* Headline.swift in Sources */,
				804E651B2354D6AE006C047C /* Genre.swift in Sources */,
				80CC6DA32379005900D13C86 /* UIViewControllerPreview.swift in Sources */,
				80B8856F2371D74D00FC68EC /* TagCollectionViewCell.swift in Sources */,
				80F51397237260CE00941D37 /* StoryPreviewPageViewController.swift in Sources */,
				8095F2F022B0374A00D9BC50 /* Databasable.swift in Sources */,
				8095F2EE22B0374100D9BC50 /* Datable.swift in Sources */,
				807266A42360170000BE7240 /* UserFormViewController.swift in Sources */,
				8095F2EA22B0371900D9BC50 /* HomeViewController.swift in Sources */,
				806EB1FA235027250068625B /* NotificationViewController.swift in Sources */,
				80140426235F5B2C0013C716 /* HomeDataProvider.swift in Sources */,
				808E36F4230F3014005463E6 /* ComposeViewController.swift in Sources */,
				80C47F1A233148710000F9A5 /* Double+.swift in Sources */,
				80B18A67233E7235004BCFAD /* BaseViewController.swift in Sources */,
				80F51395237260C400941D37 /* StoryPreviewViewController.swift in Sources */,
				8095F2EC22B0373B00D9BC50 /* Identifiable.swift in Sources */,
				80E55DFA2357C22C00AA012F /* AwardCollectionViewCell.swift in Sources */,
				80625DF9237F36CE00200A72 /* General.swift in Sources */,
				8037997F2337E79100AFA380 /* SettingsManager.swift in Sources */,
				80CC6DA52379006A00D13C86 /* UIViewPreview.swift in Sources */,
				8019422A23386CA4001F8032 /* Comment.swift in Sources */,
				802C5A6E2361593C00786148 /* RankedStoryCollectionViewCell.swift in Sources */,
				80A1A3D92333F22900E012AD /* Collection+.swift in Sources */,
				80C47F182331486A0000F9A5 /* Int+.swift in Sources */,
				8095F2B722B0362000D9BC50 /* AppDelegate.swift in Sources */,
				8044A42E234D6A2A00C0E157 /* ProfileViewController.swift in Sources */,
				8095F2FF22B05EB300D9BC50 /* BaseCollectionViewCell.swift in Sources */,
				809BAC5E2373966100ADC52B /* Contest.swift in Sources */,
				801EEDC0235ED2EF00E8BD5E /* Display.swift in Sources */,
				8044A42A234D692E00C0E157 /* BrowseViewController.swift in Sources */,
				80A1A3DD2334051A00E012AD /* UIStackView+.swift in Sources */,
				8041AAC02346B43E00012764 /* FeatureInfoCollectionViewCell.swift in Sources */,
				806770CE22BAA63A00D0ADE1 /* Story.swift in Sources */,
				80A72CF0234F01FE004D61E1 /* Tag.swift in Sources */,
				8009706F23733CE000DD99E3 /* LibraryViewController.swift in Sources */,
				80590CA0238858F500623BA2 /* Notification.swift in Sources */,
				80010F1523299BC10094ABDB /* StoryViewController.swift in Sources */,
				808B4D03234412F100E9588C /* BaseView.swift in Sources */,
				80DBED6D23720E3900F5BC8D /* GenreCollectionViewCell.swift in Sources */,
				80590CA623886DBC00623BA2 /* NotificationDataProvider.swift in Sources */,
				80A1A3DB2333F80000E012AD /* UIImage+.swift in Sources */,
				80625DF5237F34EE00200A72 /* BrowseDataProvider.swift in Sources */,
				80E55DF82357C21800AA012F /* AwardsView.swift in Sources */,
				8095F2BC22B0362000D9BC50 /* Miscellany.xcdatamodeld in Sources */,
				808DAB3F2371D55A004CE135 /* ItemCollectionViewCell.swift in Sources */,
				802C5A702361624B00786148 /* HeadlineCollectionViewCell.swift in Sources */,
				808B4D0C234414AD00E9588C /* Award.swift in Sources */,
				80876C5023333C2400F8C286 /* FractionalHeightPresentationController.swift in Sources */,
				80876C5323335DEF00F8C286 /* UIFont+.swift in Sources */,
				8095F2BE22B0362000D9BC50 /* MainTabBarController.swift in Sources */,
				803799872337F37D00AFA380 /* UserService.swift in Sources */,
				80B40E9C22B2ECCF003F620A /* BaseCollectionReusableView.swift in Sources */,
				80625DF2237F180F00200A72 /* SearchViewController.swift in Sources */,
				80D03BEA236CDBCB00722721 /* UIViewController+.swift in Sources */,
				8095F2B922B0362000D9BC50 /* SceneDelegate.swift in Sources */,
				80B8856D2371D5D000FC68EC /* UserCollectionViewCell.swift in Sources */,
				8068082A23579D4B00933BD1 /* GenreService.swift in Sources */,
				80F092D222BC2BE70013A6CF /* GroupHeaderCollectionReusableView.swift in Sources */,
			);
			runOnlyForDeploymentPostprocessing = 0;
		};
		8095F2C822B0362100D9BC50 /* Sources */ = {
			isa = PBXSourcesBuildPhase;
			buildActionMask = 2147483647;
			files = (
				8095F2D122B0362100D9BC50 /* MiscellanyTests.swift in Sources */,
			);
			runOnlyForDeploymentPostprocessing = 0;
		};
		8095F2D322B0362100D9BC50 /* Sources */ = {
			isa = PBXSourcesBuildPhase;
			buildActionMask = 2147483647;
			files = (
				8095F2DC22B0362100D9BC50 /* MiscellanyUITests.swift in Sources */,
			);
			runOnlyForDeploymentPostprocessing = 0;
		};
/* End PBXSourcesBuildPhase section */

/* Begin PBXTargetDependency section */
		8095F2CE22B0362100D9BC50 /* PBXTargetDependency */ = {
			isa = PBXTargetDependency;
			target = 8095F2B222B0362000D9BC50 /* Miscellany */;
			targetProxy = 8095F2CD22B0362100D9BC50 /* PBXContainerItemProxy */;
		};
		8095F2D922B0362100D9BC50 /* PBXTargetDependency */ = {
			isa = PBXTargetDependency;
			target = 8095F2B222B0362000D9BC50 /* Miscellany */;
			targetProxy = 8095F2D822B0362100D9BC50 /* PBXContainerItemProxy */;
		};
/* End PBXTargetDependency section */

/* Begin PBXVariantGroup section */
		8095F2C422B0362100D9BC50 /* LaunchScreen.storyboard */ = {
			isa = PBXVariantGroup;
			children = (
				8095F2C522B0362100D9BC50 /* Base */,
			);
			name = LaunchScreen.storyboard;
			sourceTree = "<group>";
		};
/* End PBXVariantGroup section */

/* Begin XCBuildConfiguration section */
		8095F2DE22B0362100D9BC50 /* Debug */ = {
			isa = XCBuildConfiguration;
			buildSettings = {
				ALWAYS_SEARCH_USER_PATHS = NO;
				CLANG_ANALYZER_NONNULL = YES;
				CLANG_ANALYZER_NUMBER_OBJECT_CONVERSION = YES_AGGRESSIVE;
				CLANG_CXX_LANGUAGE_STANDARD = "gnu++14";
				CLANG_CXX_LIBRARY = "libc++";
				CLANG_ENABLE_MODULES = YES;
				CLANG_ENABLE_OBJC_ARC = YES;
				CLANG_ENABLE_OBJC_WEAK = YES;
				CLANG_WARN_BLOCK_CAPTURE_AUTORELEASING = YES;
				CLANG_WARN_BOOL_CONVERSION = YES;
				CLANG_WARN_COMMA = YES;
				CLANG_WARN_CONSTANT_CONVERSION = YES;
				CLANG_WARN_DEPRECATED_OBJC_IMPLEMENTATIONS = YES;
				CLANG_WARN_DIRECT_OBJC_ISA_USAGE = YES_ERROR;
				CLANG_WARN_DOCUMENTATION_COMMENTS = YES;
				CLANG_WARN_EMPTY_BODY = YES;
				CLANG_WARN_ENUM_CONVERSION = YES;
				CLANG_WARN_INFINITE_RECURSION = YES;
				CLANG_WARN_INT_CONVERSION = YES;
				CLANG_WARN_NON_LITERAL_NULL_CONVERSION = YES;
				CLANG_WARN_OBJC_IMPLICIT_RETAIN_SELF = YES;
				CLANG_WARN_OBJC_LITERAL_CONVERSION = YES;
				CLANG_WARN_OBJC_ROOT_CLASS = YES_ERROR;
				CLANG_WARN_RANGE_LOOP_ANALYSIS = YES;
				CLANG_WARN_STRICT_PROTOTYPES = YES;
				CLANG_WARN_SUSPICIOUS_MOVE = YES;
				CLANG_WARN_UNGUARDED_AVAILABILITY = YES_AGGRESSIVE;
				CLANG_WARN_UNREACHABLE_CODE = YES;
				CLANG_WARN__DUPLICATE_METHOD_MATCH = YES;
				COPY_PHASE_STRIP = NO;
				DEBUG_INFORMATION_FORMAT = dwarf;
				ENABLE_STRICT_OBJC_MSGSEND = YES;
				ENABLE_TESTABILITY = YES;
				GCC_C_LANGUAGE_STANDARD = gnu11;
				GCC_DYNAMIC_NO_PIC = NO;
				GCC_NO_COMMON_BLOCKS = YES;
				GCC_OPTIMIZATION_LEVEL = 0;
				GCC_PREPROCESSOR_DEFINITIONS = (
					"DEBUG=1",
					"$(inherited)",
				);
				GCC_WARN_64_TO_32_BIT_CONVERSION = YES;
				GCC_WARN_ABOUT_RETURN_TYPE = YES_ERROR;
				GCC_WARN_UNDECLARED_SELECTOR = YES;
				GCC_WARN_UNINITIALIZED_AUTOS = YES_AGGRESSIVE;
				GCC_WARN_UNUSED_FUNCTION = YES;
				GCC_WARN_UNUSED_VARIABLE = YES;
				IPHONEOS_DEPLOYMENT_TARGET = 13.0;
				MTL_ENABLE_DEBUG_INFO = INCLUDE_SOURCE;
				MTL_FAST_MATH = YES;
				ONLY_ACTIVE_ARCH = YES;
				SDKROOT = iphoneos;
				SWIFT_ACTIVE_COMPILATION_CONDITIONS = DEBUG;
				SWIFT_OPTIMIZATION_LEVEL = "-Onone";
			};
			name = Debug;
		};
		8095F2DF22B0362100D9BC50 /* Release */ = {
			isa = XCBuildConfiguration;
			buildSettings = {
				ALWAYS_SEARCH_USER_PATHS = NO;
				CLANG_ANALYZER_NONNULL = YES;
				CLANG_ANALYZER_NUMBER_OBJECT_CONVERSION = YES_AGGRESSIVE;
				CLANG_CXX_LANGUAGE_STANDARD = "gnu++14";
				CLANG_CXX_LIBRARY = "libc++";
				CLANG_ENABLE_MODULES = YES;
				CLANG_ENABLE_OBJC_ARC = YES;
				CLANG_ENABLE_OBJC_WEAK = YES;
				CLANG_WARN_BLOCK_CAPTURE_AUTORELEASING = YES;
				CLANG_WARN_BOOL_CONVERSION = YES;
				CLANG_WARN_COMMA = YES;
				CLANG_WARN_CONSTANT_CONVERSION = YES;
				CLANG_WARN_DEPRECATED_OBJC_IMPLEMENTATIONS = YES;
				CLANG_WARN_DIRECT_OBJC_ISA_USAGE = YES_ERROR;
				CLANG_WARN_DOCUMENTATION_COMMENTS = YES;
				CLANG_WARN_EMPTY_BODY = YES;
				CLANG_WARN_ENUM_CONVERSION = YES;
				CLANG_WARN_INFINITE_RECURSION = YES;
				CLANG_WARN_INT_CONVERSION = YES;
				CLANG_WARN_NON_LITERAL_NULL_CONVERSION = YES;
				CLANG_WARN_OBJC_IMPLICIT_RETAIN_SELF = YES;
				CLANG_WARN_OBJC_LITERAL_CONVERSION = YES;
				CLANG_WARN_OBJC_ROOT_CLASS = YES_ERROR;
				CLANG_WARN_RANGE_LOOP_ANALYSIS = YES;
				CLANG_WARN_STRICT_PROTOTYPES = YES;
				CLANG_WARN_SUSPICIOUS_MOVE = YES;
				CLANG_WARN_UNGUARDED_AVAILABILITY = YES_AGGRESSIVE;
				CLANG_WARN_UNREACHABLE_CODE = YES;
				CLANG_WARN__DUPLICATE_METHOD_MATCH = YES;
				COPY_PHASE_STRIP = NO;
				DEBUG_INFORMATION_FORMAT = "dwarf-with-dsym";
				ENABLE_NS_ASSERTIONS = NO;
				ENABLE_STRICT_OBJC_MSGSEND = YES;
				GCC_C_LANGUAGE_STANDARD = gnu11;
				GCC_NO_COMMON_BLOCKS = YES;
				GCC_WARN_64_TO_32_BIT_CONVERSION = YES;
				GCC_WARN_ABOUT_RETURN_TYPE = YES_ERROR;
				GCC_WARN_UNDECLARED_SELECTOR = YES;
				GCC_WARN_UNINITIALIZED_AUTOS = YES_AGGRESSIVE;
				GCC_WARN_UNUSED_FUNCTION = YES;
				GCC_WARN_UNUSED_VARIABLE = YES;
				IPHONEOS_DEPLOYMENT_TARGET = 13.0;
				MTL_ENABLE_DEBUG_INFO = NO;
				MTL_FAST_MATH = YES;
				SDKROOT = iphoneos;
				SWIFT_COMPILATION_MODE = wholemodule;
				SWIFT_OPTIMIZATION_LEVEL = "-O";
				VALIDATE_PRODUCT = YES;
			};
			name = Release;
		};
		8095F2E122B0362100D9BC50 /* Debug */ = {
			isa = XCBuildConfiguration;
			baseConfigurationReference = 100BFFDC9224CCDD7AE775CE /* Pods-Miscellany.debug.xcconfig */;
			buildSettings = {
				ASSETCATALOG_COMPILER_APPICON_NAME = AppIcon;
				CODE_SIGN_ENTITLEMENTS = Miscellany/Miscellany.entitlements;
				CODE_SIGN_STYLE = Automatic;
				DEVELOPMENT_ASSET_PATHS = "Miscellany/Preview\\ Content";
				DEVELOPMENT_TEAM = MY2YKYJ4TV;
				ENABLE_PREVIEWS = YES;
				INFOPLIST_FILE = Miscellany/Info.plist;
				IPHONEOS_DEPLOYMENT_TARGET = 13.0;
				LD_RUNPATH_SEARCH_PATHS = (
					"$(inherited)",
					"@executable_path/Frameworks",
				);
				PRODUCT_BUNDLE_IDENTIFIER = com.theodoregallao.Miscellany;
				PRODUCT_NAME = "$(TARGET_NAME)";
				SWIFT_ENABLE_BATCH_MODE = NO;
				SWIFT_VERSION = 5.0;
				TARGETED_DEVICE_FAMILY = "1,2";
			};
			name = Debug;
		};
		8095F2E222B0362100D9BC50 /* Release */ = {
			isa = XCBuildConfiguration;
			baseConfigurationReference = ADACE0A83BBB794DEE2C0CB7 /* Pods-Miscellany.release.xcconfig */;
			buildSettings = {
				ASSETCATALOG_COMPILER_APPICON_NAME = AppIcon;
				CODE_SIGN_ENTITLEMENTS = Miscellany/Miscellany.entitlements;
				CODE_SIGN_STYLE = Automatic;
				DEVELOPMENT_ASSET_PATHS = "Miscellany/Preview\\ Content";
				DEVELOPMENT_TEAM = MY2YKYJ4TV;
				ENABLE_PREVIEWS = YES;
				INFOPLIST_FILE = Miscellany/Info.plist;
				IPHONEOS_DEPLOYMENT_TARGET = 13.0;
				LD_RUNPATH_SEARCH_PATHS = (
					"$(inherited)",
					"@executable_path/Frameworks",
				);
				PRODUCT_BUNDLE_IDENTIFIER = com.theodoregallao.Miscellany;
				PRODUCT_NAME = "$(TARGET_NAME)";
				SWIFT_ENABLE_BATCH_MODE = NO;
				SWIFT_VERSION = 5.0;
				TARGETED_DEVICE_FAMILY = "1,2";
			};
			name = Release;
		};
		8095F2E422B0362100D9BC50 /* Debug */ = {
			isa = XCBuildConfiguration;
			baseConfigurationReference = DA1A3924B3E29D17EF5C0D57 /* Pods-MiscellanyTests.debug.xcconfig */;
			buildSettings = {
				ALWAYS_EMBED_SWIFT_STANDARD_LIBRARIES = YES;
				BUNDLE_LOADER = "$(TEST_HOST)";
				CODE_SIGN_STYLE = Automatic;
				DEVELOPMENT_TEAM = MY2YKYJ4TV;
				INFOPLIST_FILE = MiscellanyTests/Info.plist;
				LD_RUNPATH_SEARCH_PATHS = (
					"$(inherited)",
					"@executable_path/Frameworks",
					"@loader_path/Frameworks",
				);
				PRODUCT_BUNDLE_IDENTIFIER = com.theodoregallao.MiscellanyTests;
				PRODUCT_NAME = "$(TARGET_NAME)";
				SWIFT_VERSION = 5.0;
				TARGETED_DEVICE_FAMILY = "1,2";
				TEST_HOST = "$(BUILT_PRODUCTS_DIR)/Miscellany.app/Miscellany";
			};
			name = Debug;
		};
		8095F2E522B0362100D9BC50 /* Release */ = {
			isa = XCBuildConfiguration;
			baseConfigurationReference = 2C9BD5A0565AF5E31B63FAFF /* Pods-MiscellanyTests.release.xcconfig */;
			buildSettings = {
				ALWAYS_EMBED_SWIFT_STANDARD_LIBRARIES = YES;
				BUNDLE_LOADER = "$(TEST_HOST)";
				CODE_SIGN_STYLE = Automatic;
				DEVELOPMENT_TEAM = MY2YKYJ4TV;
				INFOPLIST_FILE = MiscellanyTests/Info.plist;
				LD_RUNPATH_SEARCH_PATHS = (
					"$(inherited)",
					"@executable_path/Frameworks",
					"@loader_path/Frameworks",
				);
				PRODUCT_BUNDLE_IDENTIFIER = com.theodoregallao.MiscellanyTests;
				PRODUCT_NAME = "$(TARGET_NAME)";
				SWIFT_VERSION = 5.0;
				TARGETED_DEVICE_FAMILY = "1,2";
				TEST_HOST = "$(BUILT_PRODUCTS_DIR)/Miscellany.app/Miscellany";
			};
			name = Release;
		};
		8095F2E722B0362100D9BC50 /* Debug */ = {
			isa = XCBuildConfiguration;
			baseConfigurationReference = 83F86A9B1535C6280C2F02EB /* Pods-MiscellanyUITests.debug.xcconfig */;
			buildSettings = {
				ALWAYS_EMBED_SWIFT_STANDARD_LIBRARIES = YES;
				CODE_SIGN_STYLE = Automatic;
				DEVELOPMENT_TEAM = MY2YKYJ4TV;
				INFOPLIST_FILE = MiscellanyUITests/Info.plist;
				LD_RUNPATH_SEARCH_PATHS = (
					"$(inherited)",
					"@executable_path/Frameworks",
					"@loader_path/Frameworks",
				);
				PRODUCT_BUNDLE_IDENTIFIER = com.theodoregallao.MiscellanyUITests;
				PRODUCT_NAME = "$(TARGET_NAME)";
				SWIFT_VERSION = 5.0;
				TARGETED_DEVICE_FAMILY = "1,2";
				TEST_TARGET_NAME = Miscellany;
			};
			name = Debug;
		};
		8095F2E822B0362100D9BC50 /* Release */ = {
			isa = XCBuildConfiguration;
			baseConfigurationReference = AEC929923ABE12CA12B8F198 /* Pods-MiscellanyUITests.release.xcconfig */;
			buildSettings = {
				ALWAYS_EMBED_SWIFT_STANDARD_LIBRARIES = YES;
				CODE_SIGN_STYLE = Automatic;
				DEVELOPMENT_TEAM = MY2YKYJ4TV;
				INFOPLIST_FILE = MiscellanyUITests/Info.plist;
				LD_RUNPATH_SEARCH_PATHS = (
					"$(inherited)",
					"@executable_path/Frameworks",
					"@loader_path/Frameworks",
				);
				PRODUCT_BUNDLE_IDENTIFIER = com.theodoregallao.MiscellanyUITests;
				PRODUCT_NAME = "$(TARGET_NAME)";
				SWIFT_VERSION = 5.0;
				TARGETED_DEVICE_FAMILY = "1,2";
				TEST_TARGET_NAME = Miscellany;
			};
			name = Release;
		};
/* End XCBuildConfiguration section */

/* Begin XCConfigurationList section */
		8095F2AE22B0362000D9BC50 /* Build configuration list for PBXProject "Miscellany" */ = {
			isa = XCConfigurationList;
			buildConfigurations = (
				8095F2DE22B0362100D9BC50 /* Debug */,
				8095F2DF22B0362100D9BC50 /* Release */,
			);
			defaultConfigurationIsVisible = 0;
			defaultConfigurationName = Release;
		};
		8095F2E022B0362100D9BC50 /* Build configuration list for PBXNativeTarget "Miscellany" */ = {
			isa = XCConfigurationList;
			buildConfigurations = (
				8095F2E122B0362100D9BC50 /* Debug */,
				8095F2E222B0362100D9BC50 /* Release */,
			);
			defaultConfigurationIsVisible = 0;
			defaultConfigurationName = Release;
		};
		8095F2E322B0362100D9BC50 /* Build configuration list for PBXNativeTarget "MiscellanyTests" */ = {
			isa = XCConfigurationList;
			buildConfigurations = (
				8095F2E422B0362100D9BC50 /* Debug */,
				8095F2E522B0362100D9BC50 /* Release */,
			);
			defaultConfigurationIsVisible = 0;
			defaultConfigurationName = Release;
		};
		8095F2E622B0362100D9BC50 /* Build configuration list for PBXNativeTarget "MiscellanyUITests" */ = {
			isa = XCConfigurationList;
			buildConfigurations = (
				8095F2E722B0362100D9BC50 /* Debug */,
				8095F2E822B0362100D9BC50 /* Release */,
			);
			defaultConfigurationIsVisible = 0;
			defaultConfigurationName = Release;
		};
/* End XCConfigurationList section */

/* Begin XCVersionGroup section */
		8095F2BA22B0362000D9BC50 /* Miscellany.xcdatamodeld */ = {
			isa = XCVersionGroup;
			children = (
				8095F2BB22B0362000D9BC50 /* Miscellany.xcdatamodel */,
			);
			currentVersion = 8095F2BB22B0362000D9BC50 /* Miscellany.xcdatamodel */;
			path = Miscellany.xcdatamodeld;
			sourceTree = "<group>";
			versionGroupType = wrapper.xcdatamodel;
		};
/* End XCVersionGroup section */
	};
	rootObject = 8095F2AB22B0362000D9BC50 /* Project object */;
}
